# This is a Gradle generated file for dependency locking.
# Manual edits can break the build and are not advised.
# This file is expected to be part of source control.
com.fasterxml.jackson.core:jackson-annotations:2.14.2=integrationTestCompileClasspath,integrationTestImplementationDependenciesMetadata,integrationTestRuntimeClasspath,testCompileClasspath,testImplementationDependenciesMetadata,testRuntimeClasspath
com.fasterxml.jackson.core:jackson-core:2.14.2=integrationTestCompileClasspath,integrationTestImplementationDependenciesMetadata,integrationTestRuntimeClasspath,testCompileClasspath,testImplementationDependenciesMetadata,testRuntimeClasspath
com.fasterxml.jackson.core:jackson-databind:2.14.2=integrationTestCompileClasspath,integrationTestImplementationDependenciesMetadata,integrationTestRuntimeClasspath,testCompileClasspath,testImplementationDependenciesMetadata,testRuntimeClasspath
com.fasterxml.jackson:jackson-bom:2.14.2=integrationTestCompileClasspath,integrationTestImplementationDependenciesMetadata,integrationTestRuntimeClasspath,testCompileClasspath,testImplementationDependenciesMetadata,testRuntimeClasspath
com.google.code.findbugs:jsr305:3.0.2=compileClasspath,default,implementationDependenciesMetadata,integrationTestCompileClasspath,integrationTestImplementationDependenciesMetadata,integrationTestRuntimeClasspath,runtimeClasspath,testCompileClasspath,testImplementationDependenciesMetadata,testRuntimeClasspath
com.google.errorprone:error_prone_annotations:2.11.0=compileClasspath,default,implementationDependenciesMetadata,integrationTestCompileClasspath,integrationTestImplementationDependenciesMetadata,integrationTestRuntimeClasspath,runtimeClasspath,testCompileClasspath,testImplementationDependenciesMetadata,testRuntimeClasspath
com.google.guava:failureaccess:1.0.1=compileClasspath,default,implementationDependenciesMetadata,integrationTestCompileClasspath,integrationTestImplementationDependenciesMetadata,integrationTestRuntimeClasspath,runtimeClasspath,testCompileClasspath,testImplementationDependenciesMetadata,testRuntimeClasspath
com.google.guava:guava:31.1-jre=compileClasspath,default,implementationDependenciesMetadata,integrationTestCompileClasspath,integrationTestImplementationDependenciesMetadata,integrationTestRuntimeClasspath,runtimeClasspath,testCompileClasspath,testImplementationDependenciesMetadata,testRuntimeClasspath
com.google.guava:listenablefuture:9999.0-empty-to-avoid-conflict-with-guava=compileClasspath,default,implementationDependenciesMetadata,integrationTestCompileClasspath,integrationTestImplementationDependenciesMetadata,integrationTestRuntimeClasspath,runtimeClasspath,testCompileClasspath,testImplementationDependenciesMetadata,testRuntimeClasspath
com.google.j2objc:j2objc-annotations:1.3=compileClasspath,default,implementationDependenciesMetadata,integrationTestCompileClasspath,integrationTestImplementationDependenciesMetadata,integrationTestRuntimeClasspath,runtimeClasspath,testCompileClasspath,testImplementationDependenciesMetadata,testRuntimeClasspath
com.ibm.icu:icu4j:69.1=antlr,apiDependenciesMetadata,compileClasspath,default,implementationDependenciesMetadata,integrationTestCompileClasspath,integrationTestImplementationDependenciesMetadata,integrationTestRuntimeClasspath,runtimeClasspath,testCompileClasspath,testImplementationDependenciesMetadata,testRuntimeClasspath
com.willowtreeapps.assertk:assertk-jvm:0.25=integrationTestCompileClasspath,integrationTestImplementationDependenciesMetadata,integrationTestRuntimeClasspath,testCompileClasspath,testImplementationDependenciesMetadata,testRuntimeClasspath
com.willowtreeapps.opentest4k:opentest4k-jvm:1.2.2=integrationTestRuntimeClasspath,testRuntimeClasspath
com.willowtreeapps.opentest4k:opentest4k:1.2.2=integrationTestRuntimeClasspath,testRuntimeClasspath
javax.json:javax.json-api:1.1.4=compileClasspath,default,implementationDependenciesMetadata,integrationTestCompileClasspath,integrationTestImplementationDependenciesMetadata,integrationTestRuntimeClasspath,runtimeClasspath,testCompileClasspath,testImplementationDependenciesMetadata,testRuntimeClasspath
junit:junit:4.13.2=integrationTestCompileClasspath,integrationTestImplementationDependenciesMetadata,integrationTestRuntimeClasspath,testCompileClasspath,testImplementationDependenciesMetadata,testRuntimeClasspath
net.bytebuddy:byte-buddy-agent:1.12.22=integrationTestCompileClasspath,integrationTestImplementationDependenciesMetadata,integrationTestRuntimeClasspath,testCompileClasspath,testImplementationDependenciesMetadata,testRuntimeClasspath
net.bytebuddy:byte-buddy:1.12.22=integrationTestCompileClasspath,integrationTestImplementationDependenciesMetadata,integrationTestRuntimeClasspath,testCompileClasspath,testImplementationDependenciesMetadata,testRuntimeClasspath
net.java.dev.jna:jna:5.6.0=kotlinCompilerClasspath,kotlinKlibCommonizerClasspath
net.wuerl.kotlin:assertj-core-kotlin:0.2.1=integrationTestCompileClasspath,integrationTestImplementationDependenciesMetadata,integrationTestRuntimeClasspath,testCompileClasspath,testImplementationDependenciesMetadata,testRuntimeClasspath
org.abego.treelayout:org.abego.treelayout.core:1.0.3=antlr,apiDependenciesMetadata,compileClasspath,default,implementationDependenciesMetadata,integrationTestCompileClasspath,integrationTestImplementationDependenciesMetadata,integrationTestRuntimeClasspath,runtimeClasspath,testCompileClasspath,testImplementationDependenciesMetadata,testRuntimeClasspath
org.antlr:ST4:4.3.1=antlr,apiDependenciesMetadata,compileClasspath,default,implementationDependenciesMetadata,integrationTestCompileClasspath,integrationTestImplementationDependenciesMetadata,integrationTestRuntimeClasspath,runtimeClasspath,testCompileClasspath,testImplementationDependenciesMetadata,testRuntimeClasspath
org.antlr:antlr-runtime:3.5.2=antlr,apiDependenciesMetadata,compileClasspath,default,implementationDependenciesMetadata,integrationTestCompileClasspath,integrationTestImplementationDependenciesMetadata,integrationTestRuntimeClasspath,runtimeClasspath,testCompileClasspath,testImplementationDependenciesMetadata,testRuntimeClasspath
org.antlr:antlr4-runtime:4.9.3=antlr,apiDependenciesMetadata,compileClasspath,default,implementationDependenciesMetadata,integrationTestCompileClasspath,integrationTestImplementationDependenciesMetadata,integrationTestRuntimeClasspath,runtimeClasspath,testCompileClasspath,testImplementationDependenciesMetadata,testRuntimeClasspath
org.antlr:antlr4:4.9.3=antlr,apiDependenciesMetadata,compileClasspath,default,implementationDependenciesMetadata,integrationTestCompileClasspath,integrationTestImplementationDependenciesMetadata,integrationTestRuntimeClasspath,runtimeClasspath,testCompileClasspath,testImplementationDependenciesMetadata,testRuntimeClasspath
org.assertj:assertj-core:3.24.2=integrationTestCompileClasspath,integrationTestImplementationDependenciesMetadata,integrationTestRuntimeClasspath,testCompileClasspath,testImplementationDependenciesMetadata,testRuntimeClasspath
org.checkerframework:checker-qual:3.12.0=compileClasspath,default,implementationDependenciesMetadata,integrationTestCompileClasspath,integrationTestImplementationDependenciesMetadata,integrationTestRuntimeClasspath,runtimeClasspath,testCompileClasspath,testImplementationDependenciesMetadata,testRuntimeClasspath
org.glassfish:javax.json:1.0.4=antlr,apiDependenciesMetadata,compileClasspath,implementationDependenciesMetadata
org.glassfish:javax.json:1.1.4=default,integrationTestCompileClasspath,integrationTestImplementationDependenciesMetadata,integrationTestRuntimeClasspath,runtimeClasspath,testCompileClasspath,testImplementationDependenciesMetadata,testRuntimeClasspath
org.hamcrest:hamcrest-core:1.3=integrationTestCompileClasspath,integrationTestImplementationDependenciesMetadata,integrationTestRuntimeClasspath,testCompileClasspath,testImplementationDependenciesMetadata,testRuntimeClasspath
org.jacoco:org.jacoco.agent:0.8.8=jacocoAgent,jacocoAnt
org.jacoco:org.jacoco.ant:0.8.8=jacocoAnt
org.jacoco:org.jacoco.core:0.8.8=jacocoAnt
org.jacoco:org.jacoco.report:0.8.8=jacocoAnt
org.jetbrains.intellij.deps:trove4j:1.0.20200330=kotlinCompilerClasspath,kotlinKlibCommonizerClasspath
org.jetbrains.kotlin:kotlin-bom:1.6.21=compileClasspath,default,implementationDependenciesMetadata,integrationTestCompileClasspath,integrationTestImplementationDependenciesMetadata,integrationTestRuntimeClasspath,runtimeClasspath,testCompileClasspath,testImplementationDependenciesMetadata,testRuntimeClasspath
org.jetbrains.kotlin:kotlin-compiler-embeddable:1.6.21=kotlinCompilerClasspath,kotlinKlibCommonizerClasspath
org.jetbrains.kotlin:kotlin-daemon-embeddable:1.6.21=kotlinCompilerClasspath,kotlinKlibCommonizerClasspath
org.jetbrains.kotlin:kotlin-klib-commonizer-embeddable:1.6.21=kotlinKlibCommonizerClasspath
org.jetbrains.kotlin:kotlin-reflect:1.6.21=compileClasspath,default,implementationDependenciesMetadata,integrationTestCompileClasspath,integrationTestImplementationDependenciesMetadata,integrationTestRuntimeClasspath,kotlinCompilerClasspath,kotlinKlibCommonizerClasspath,runtimeClasspath,testCompileClasspath,testImplementationDependenciesMetadata,testRuntimeClasspath
org.jetbrains.kotlin:kotlin-script-runtime:1.6.21=kotlinCompilerClasspath,kotlinCompilerPluginClasspathIntegrationTest,kotlinCompilerPluginClasspathMain,kotlinCompilerPluginClasspathTest,kotlinKlibCommonizerClasspath
org.jetbrains.kotlin:kotlin-scripting-common:1.6.21=kotlinCompilerPluginClasspathIntegrationTest,kotlinCompilerPluginClasspathMain,kotlinCompilerPluginClasspathTest
org.jetbrains.kotlin:kotlin-scripting-compiler-embeddable:1.6.21=kotlinCompilerPluginClasspathIntegrationTest,kotlinCompilerPluginClasspathMain,kotlinCompilerPluginClasspathTest
org.jetbrains.kotlin:kotlin-scripting-compiler-impl-embeddable:1.6.21=kotlinCompilerPluginClasspathIntegrationTest,kotlinCompilerPluginClasspathMain,kotlinCompilerPluginClasspathTest
org.jetbrains.kotlin:kotlin-scripting-jvm:1.6.21=kotlinCompilerPluginClasspathIntegrationTest,kotlinCompilerPluginClasspathMain,kotlinCompilerPluginClasspathTest
org.jetbrains.kotlin:kotlin-stdlib-common:1.6.21=compileClasspath,default,implementationDependenciesMetadata,integrationTestCompileClasspath,integrationTestImplementationDependenciesMetadata,integrationTestRuntimeClasspath,kotlinCompilerClasspath,kotlinCompilerPluginClasspathIntegrationTest,kotlinCompilerPluginClasspathMain,kotlinCompilerPluginClasspathTest,kotlinKlibCommonizerClasspath,runtimeClasspath,testCompileClasspath,testImplementationDependenciesMetadata,testRuntimeClasspath
org.jetbrains.kotlin:kotlin-stdlib-jdk7:1.6.21=integrationTestCompileClasspath,integrationTestImplementationDependenciesMetadata,integrationTestRuntimeClasspath,testCompileClasspath,testImplementationDependenciesMetadata,testRuntimeClasspath
org.jetbrains.kotlin:kotlin-stdlib-jdk8:1.6.21=integrationTestCompileClasspath,integrationTestImplementationDependenciesMetadata,integrationTestRuntimeClasspath,testCompileClasspath,testImplementationDependenciesMetadata,testRuntimeClasspath
org.jetbrains.kotlin:kotlin-stdlib:1.6.21=compileClasspath,default,implementationDependenciesMetadata,integrationTestCompileClasspath,integrationTestImplementationDependenciesMetadata,integrationTestRuntimeClasspath,kotlinCompilerClasspath,kotlinCompilerPluginClasspathIntegrationTest,kotlinCompilerPluginClasspathMain,kotlinCompilerPluginClasspathTest,kotlinKlibCommonizerClasspath,runtimeClasspath,testCompileClasspath,testImplementationDependenciesMetadata,testRuntimeClasspath
org.jetbrains:annotations:13.0=compileClasspath,default,implementationDependenciesMetadata,integrationTestCompileClasspath,integrationTestImplementationDependenciesMetadata,integrationTestRuntimeClasspath,kotlinCompilerClasspath,kotlinCompilerPluginClasspathIntegrationTest,kotlinCompilerPluginClasspathMain,kotlinCompilerPluginClasspathTest,kotlinKlibCommonizerClasspath,runtimeClasspath,testCompileClasspath,testImplementationDependenciesMetadata,testRuntimeClasspath
org.jsoup:jsoup:1.11.2=integrationTestCompileClasspath,integrationTestImplementationDependenciesMetadata,integrationTestRuntimeClasspath,testCompileClasspath,testImplementationDependenciesMetadata,testRuntimeClasspath
org.mockito:mockito-core:5.1.1=integrationTestCompileClasspath,integrationTestImplementationDependenciesMetadata,integrationTestRuntimeClasspath,testCompileClasspath,testImplementationDependenciesMetadata,testRuntimeClasspath
org.objenesis:objenesis:3.3=integrationTestRuntimeClasspath,testRuntimeClasspath
org.opentest4j:opentest4j:1.2.0=integrationTestRuntimeClasspath,testRuntimeClasspath
org.ow2.asm:asm-analysis:9.2=jacocoAnt
org.ow2.asm:asm-commons:9.2=jacocoAnt
org.ow2.asm:asm-tree:9.2=jacocoAnt
org.ow2.asm:asm:9.2=jacocoAnt
empty=annotationProcessor,archives,compileOnlyDependenciesMetadata,integrationTestAnnotationProcessor,integrationTestApiDependenciesMetadata,integrationTestCompileOnlyDependenciesMetadata,integrationTestIntransitiveDependenciesMetadata,integrationTestKotlinScriptDef,integrationTestKotlinScriptDefExtensions,integrationTestRuntimeOnlyDependenciesMetadata,intransitiveDependenciesMetadata,kotlinCompilerPluginClasspath,kotlinNativeCompilerPluginClasspath,kotlinScriptDef,kotlinScriptDefExtensions,runtimeOnlyDependenciesMetadata,testAnnotationProcessor,testApiDependenciesMetadata,testCompileOnlyDependenciesMetadata,testIntransitiveDependenciesMetadata,testKotlinScriptDef,testKotlinScriptDefExtensions,testRuntimeOnlyDependenciesMetadata
